// !$*UTF8*$!
{
	archiveVersion = 1;
	classes = {
	};
	objectVersion = 50;
	objects = {

/* Begin PBXBuildFile section */
		77E733892559F86C00AD24D4 /* AppDelegate.swift in Sources */ = {isa = PBXBuildFile; fileRef = 77E733882559F86C00AD24D4 /* AppDelegate.swift */; };
		77E7338B2559F86C00AD24D4 /* SceneDelegate.swift in Sources */ = {isa = PBXBuildFile; fileRef = 77E7338A2559F86C00AD24D4 /* SceneDelegate.swift */; };
		77E7338D2559F86C00AD24D4 /* ViewController.swift in Sources */ = {isa = PBXBuildFile; fileRef = 77E7338C2559F86C00AD24D4 /* ViewController.swift */; };
		77E733902559F86C00AD24D4 /* Main.storyboard in Resources */ = {isa = PBXBuildFile; fileRef = 77E7338E2559F86C00AD24D4 /* Main.storyboard */; };
		77E733922559F86C00AD24D4 /* Assets.xcassets in Resources */ = {isa = PBXBuildFile; fileRef = 77E733912559F86C00AD24D4 /* Assets.xcassets */; };
		77E733952559F86C00AD24D4 /* LaunchScreen.storyboard in Resources */ = {isa = PBXBuildFile; fileRef = 77E733932559F86C00AD24D4 /* LaunchScreen.storyboard */; };
		77E733A02559F86C00AD24D4 /* GestureRecognitionTests.swift in Sources */ = {isa = PBXBuildFile; fileRef = 77E7339F2559F86C00AD24D4 /* GestureRecognitionTests.swift */; };
		77E733AB2559F86C00AD24D4 /* GestureRecognitionUITests.swift in Sources */ = {isa = PBXBuildFile; fileRef = 77E733AA2559F86C00AD24D4 /* GestureRecognitionUITests.swift */; };
		77E733BC2559F8A800AD24D4 /* example_5s0_hand_model.mlmodel in Sources */ = {isa = PBXBuildFile; fileRef = 77E733BB2559F8A800AD24D4 /* example_5s0_hand_model.mlmodel */; };
/* End PBXBuildFile section */

/* Begin PBXContainerItemProxy section */
		77E7339C2559F86C00AD24D4 /* PBXContainerItemProxy */ = {
			isa = PBXContainerItemProxy;
			containerPortal = 77E7337D2559F86C00AD24D4 /* Project object */;
			proxyType = 1;
			remoteGlobalIDString = 77E733842559F86C00AD24D4;
			remoteInfo = GestureRecognition;
		};
		77E733A72559F86C00AD24D4 /* PBXContainerItemProxy */ = {
			isa = PBXContainerItemProxy;
			containerPortal = 77E7337D2559F86C00AD24D4 /* Project object */;
			proxyType = 1;
			remoteGlobalIDString = 77E733842559F86C00AD24D4;
			remoteInfo = GestureRecognition;
		};
/* End PBXContainerItemProxy section */

/* Begin PBXFileReference section */
		77E733852559F86C00AD24D4 /* GestureRecognition.app */ = {isa = PBXFileReference; explicitFileType = wrapper.application; includeInIndex = 0; path = GestureRecognition.app; sourceTree = BUILT_PRODUCTS_DIR; };
		77E733882559F86C00AD24D4 /* AppDelegate.swift */ = {isa = PBXFileReference; lastKnownFileType = sourcecode.swift; path = AppDelegate.swift; sourceTree = "<group>"; };
		77E7338A2559F86C00AD24D4 /* SceneDelegate.swift */ = {isa = PBXFileReference; lastKnownFileType = sourcecode.swift; path = SceneDelegate.swift; sourceTree = "<group>"; };
		77E7338C2559F86C00AD24D4 /* ViewController.swift */ = {isa = PBXFileReference; lastKnownFileType = sourcecode.swift; path = ViewController.swift; sourceTree = "<group>"; };
		77E7338F2559F86C00AD24D4 /* Base */ = {isa = PBXFileReference; lastKnownFileType = file.storyboard; name = Base; path = Base.lproj/Main.storyboard; sourceTree = "<group>"; };
		77E733912559F86C00AD24D4 /* Assets.xcassets */ = {isa = PBXFileReference; lastKnownFileType = folder.assetcatalog; path = Assets.xcassets; sourceTree = "<group>"; };
		77E733942559F86C00AD24D4 /* Base */ = {isa = PBXFileReference; lastKnownFileType = file.storyboard; name = Base; path = Base.lproj/LaunchScreen.storyboard; sourceTree = "<group>"; };
		77E733962559F86C00AD24D4 /* Info.plist */ = {isa = PBXFileReference; lastKnownFileType = text.plist.xml; path = Info.plist; sourceTree = "<group>"; };
		77E7339B2559F86C00AD24D4 /* GestureRecognitionTests.xctest */ = {isa = PBXFileReference; explicitFileType = wrapper.cfbundle; includeInIndex = 0; path = GestureRecognitionTests.xctest; sourceTree = BUILT_PRODUCTS_DIR; };
		77E7339F2559F86C00AD24D4 /* GestureRecognitionTests.swift */ = {isa = PBXFileReference; lastKnownFileType = sourcecode.swift; path = GestureRecognitionTests.swift; sourceTree = "<group>"; };
		77E733A12559F86C00AD24D4 /* Info.plist */ = {isa = PBXFileReference; lastKnownFileType = text.plist.xml; path = Info.plist; sourceTree = "<group>"; };
		77E733A62559F86C00AD24D4 /* GestureRecognitionUITests.xctest */ = {isa = PBXFileReference; explicitFileType = wrapper.cfbundle; includeInIndex = 0; path = GestureRecognitionUITests.xctest; sourceTree = BUILT_PRODUCTS_DIR; };
		77E733AA2559F86C00AD24D4 /* GestureRecognitionUITests.swift */ = {isa = PBXFileReference; lastKnownFileType = sourcecode.swift; path = GestureRecognitionUITests.swift; sourceTree = "<group>"; };
		77E733AC2559F86C00AD24D4 /* Info.plist */ = {isa = PBXFileReference; lastKnownFileType = text.plist.xml; path = Info.plist; sourceTree = "<group>"; };
		77E733BB2559F8A800AD24D4 /* example_5s0_hand_model.mlmodel */ = {isa = PBXFileReference; lastKnownFileType = file.mlmodel; name = example_5s0_hand_model.mlmodel; path = "../../../../../Downloads/Gesture-Recognition-101-CoreML-ARKit-master/Gesture-Recognition-101-CoreML-ARKit/example_5s0_hand_model.mlmodel"; sourceTree = "<group>"; };
/* End PBXFileReference section */

/* Begin PBXFrameworksBuildPhase section */
		77E733822559F86C00AD24D4 /* Frameworks */ = {
			isa = PBXFrameworksBuildPhase;
			buildActionMask = 2147483647;
			files = (
			);
			runOnlyForDeploymentPostprocessing = 0;
		};
		77E733982559F86C00AD24D4 /* Frameworks */ = {
			isa = PBXFrameworksBuildPhase;
			buildActionMask = 2147483647;
			files = (
			);
			runOnlyForDeploymentPostprocessing = 0;
		};
		77E733A32559F86C00AD24D4 /* Frameworks */ = {
			isa = PBXFrameworksBuildPhase;
			buildActionMask = 2147483647;
			files = (
			);
			runOnlyForDeploymentPostprocessing = 0;
		};
/* End PBXFrameworksBuildPhase section */

/* Begin PBXGroup section */
		77E7337C2559F86C00AD24D4 = {
			isa = PBXGroup;
			children = (
				77E733872559F86C00AD24D4 /* GestureRecognition */,
				77E7339E2559F86C00AD24D4 /* GestureRecognitionTests */,
				77E733A92559F86C00AD24D4 /* GestureRecognitionUITests */,
				77E733862559F86C00AD24D4 /* Products */,
			);
			sourceTree = "<group>";
		};
		77E733862559F86C00AD24D4 /* Products */ = {
			isa = PBXGroup;
			children = (
				77E733852559F86C00AD24D4 /* GestureRecognition.app */,
				77E7339B2559F86C00AD24D4 /* GestureRecognitionTests.xctest */,
				77E733A62559F86C00AD24D4 /* GestureRecognitionUITests.xctest */,
			);
			name = Products;
			sourceTree = "<group>";
		};
		77E733872559F86C00AD24D4 /* GestureRecognition */ = {
			isa = PBXGroup;
			children = (
				77E733882559F86C00AD24D4 /* AppDelegate.swift */,
				77E7338A2559F86C00AD24D4 /* SceneDelegate.swift */,
				77E7338C2559F86C00AD24D4 /* ViewController.swift */,
				77E7338E2559F86C00AD24D4 /* Main.storyboard */,
				77E733912559F86C00AD24D4 /* Assets.xcassets */,
				77E733932559F86C00AD24D4 /* LaunchScreen.storyboard */,
				77E733962559F86C00AD24D4 /* Info.plist */,
				77E733BB2559F8A800AD24D4 /* example_5s0_hand_model.mlmodel */,
			);
			path = GestureRecognition;
			sourceTree = "<group>";
		};
		77E7339E2559F86C00AD24D4 /* GestureRecognitionTests */ = {
			isa = PBXGroup;
			children = (
				77E7339F2559F86C00AD24D4 /* GestureRecognitionTests.swift */,
				77E733A12559F86C00AD24D4 /* Info.plist */,
			);
			path = GestureRecognitionTests;
			sourceTree = "<group>";
		};
		77E733A92559F86C00AD24D4 /* GestureRecognitionUITests */ = {
			isa = PBXGroup;
			children = (
				77E733AA2559F86C00AD24D4 /* GestureRecognitionUITests.swift */,
				77E733AC2559F86C00AD24D4 /* Info.plist */,
			);
			path = GestureRecognitionUITests;
			sourceTree = "<group>";
		};
/* End PBXGroup section */

/* Begin PBXNativeTarget section */
		77E733842559F86C00AD24D4 /* GestureRecognition */ = {
			isa = PBXNativeTarget;
			buildConfigurationList = 77E733AF2559F86C00AD24D4 /* Build configuration list for PBXNativeTarget "GestureRecognition" */;
			buildPhases = (
				77E733812559F86C00AD24D4 /* Sources */,
				77E733822559F86C00AD24D4 /* Frameworks */,
				77E733832559F86C00AD24D4 /* Resources */,
			);
			buildRules = (
			);
			dependencies = (
			);
			name = GestureRecognition;
			productName = GestureRecognition;
			productReference = 77E733852559F86C00AD24D4 /* GestureRecognition.app */;
			productType = "com.apple.product-type.application";
		};
		77E7339A2559F86C00AD24D4 /* GestureRecognitionTests */ = {
			isa = PBXNativeTarget;
			buildConfigurationList = 77E733B22559F86C00AD24D4 /* Build configuration list for PBXNativeTarget "GestureRecognitionTests" */;
			buildPhases = (
				77E733972559F86C00AD24D4 /* Sources */,
				77E733982559F86C00AD24D4 /* Frameworks */,
				77E733992559F86C00AD24D4 /* Resources */,
			);
			buildRules = (
			);
			dependencies = (
				77E7339D2559F86C00AD24D4 /* PBXTargetDependency */,
			);
			name = GestureRecognitionTests;
			productName = GestureRecognitionTests;
			productReference = 77E7339B2559F86C00AD24D4 /* GestureRecognitionTests.xctest */;
			productType = "com.apple.product-type.bundle.unit-test";
		};
		77E733A52559F86C00AD24D4 /* GestureRecognitionUITests */ = {
			isa = PBXNativeTarget;
			buildConfigurationList = 77E733B52559F86C00AD24D4 /* Build configuration list for PBXNativeTarget "GestureRecognitionUITests" */;
			buildPhases = (
				77E733A22559F86C00AD24D4 /* Sources */,
				77E733A32559F86C00AD24D4 /* Frameworks */,
				77E733A42559F86C00AD24D4 /* Resources */,
			);
			buildRules = (
			);
			dependencies = (
				77E733A82559F86C00AD24D4 /* PBXTargetDependency */,
			);
			name = GestureRecognitionUITests;
			productName = GestureRecognitionUITests;
			productReference = 77E733A62559F86C00AD24D4 /* GestureRecognitionUITests.xctest */;
			productType = "com.apple.product-type.bundle.ui-testing";
		};
/* End PBXNativeTarget section */

/* Begin PBXProject section */
		77E7337D2559F86C00AD24D4 /* Project object */ = {
			isa = PBXProject;
			attributes = {
				LastSwiftUpdateCheck = 1210;
				LastUpgradeCheck = 1210;
				TargetAttributes = {
					77E733842559F86C00AD24D4 = {
						CreatedOnToolsVersion = 12.1;
					};
					77E7339A2559F86C00AD24D4 = {
						CreatedOnToolsVersion = 12.1;
						TestTargetID = 77E733842559F86C00AD24D4;
					};
					77E733A52559F86C00AD24D4 = {
						CreatedOnToolsVersion = 12.1;
						TestTargetID = 77E733842559F86C00AD24D4;
					};
				};
			};
			buildConfigurationList = 77E733802559F86C00AD24D4 /* Build configuration list for PBXProject "GestureRecognition" */;
			compatibilityVersion = "Xcode 9.3";
			developmentRegion = en;
			hasScannedForEncodings = 0;
			knownRegions = (
				en,
				Base,
			);
			mainGroup = 77E7337C2559F86C00AD24D4;
			productRefGroup = 77E733862559F86C00AD24D4 /* Products */;
			projectDirPath = "";
			projectRoot = "";
			targets = (
				77E733842559F86C00AD24D4 /* GestureRecognition */,
				77E7339A2559F86C00AD24D4 /* GestureRecognitionTests */,
				77E733A52559F86C00AD24D4 /* GestureRecognitionUITests */,
			);
		};
/* End PBXProject section */

/* Begin PBXResourcesBuildPhase section */
		77E733832559F86C00AD24D4 /* Resources */ = {
			isa = PBXResourcesBuildPhase;
			buildActionMask = 2147483647;
			files = (
				77E733952559F86C00AD24D4 /* LaunchScreen.storyboard in Resources */,
				77E733922559F86C00AD24D4 /* Assets.xcassets in Resources */,
				77E733902559F86C00AD24D4 /* Main.storyboard in Resources */,
			);
			runOnlyForDeploymentPostprocessing = 0;
		};
		77E733992559F86C00AD24D4 /* Resources */ = {
			isa = PBXResourcesBuildPhase;
			buildActionMask = 2147483647;
			files = (
			);
			runOnlyForDeploymentPostprocessing = 0;
		};
		77E733A42559F86C00AD24D4 /* Resources */ = {
			isa = PBXResourcesBuildPhase;
			buildActionMask = 2147483647;
			files = (
			);
			runOnlyForDeploymentPostprocessing = 0;
		};
/* End PBXResourcesBuildPhase section */

/* Begin PBXSourcesBuildPhase section */
		77E733812559F86C00AD24D4 /* Sources */ = {
			isa = PBXSourcesBuildPhase;
			buildActionMask = 2147483647;
			files = (
				77E7338D2559F86C00AD24D4 /* ViewController.swift in Sources */,
				77E733892559F86C00AD24D4 /* AppDelegate.swift in Sources */,
				77E7338B2559F86C00AD24D4 /* SceneDelegate.swift in Sources */,
				77E733BC2559F8A800AD24D4 /* example_5s0_hand_model.mlmodel in Sources */,
			);
			runOnlyForDeploymentPostprocessing = 0;
		};
		77E733972559F86C00AD24D4 /* Sources */ = {
			isa = PBXSourcesBuildPhase;
			buildActionMask = 2147483647;
			files = (
				77E733A02559F86C00AD24D4 /* GestureRecognitionTests.swift in Sources */,
			);
			runOnlyForDeploymentPostprocessing = 0;
		};
		77E733A22559F86C00AD24D4 /* Sources */ = {
			isa = PBXSourcesBuildPhase;
			buildActionMask = 2147483647;
			files = (
				77E733AB2559F86C00AD24D4 /* GestureRecognitionUITests.swift in Sources */,
			);
			runOnlyForDeploymentPostprocessing = 0;
		};
/* End PBXSourcesBuildPhase section */

/* Begin PBXTargetDependency section */
		77E7339D2559F86C00AD24D4 /* PBXTargetDependency */ = {
			isa = PBXTargetDependency;
			target = 77E733842559F86C00AD24D4 /* GestureRecognition */;
			targetProxy = 77E7339C2559F86C00AD24D4 /* PBXContainerItemProxy */;
		};
		77E733A82559F86C00AD24D4 /* PBXTargetDependency */ = {
			isa = PBXTargetDependency;
			target = 77E733842559F86C00AD24D4 /* GestureRecognition */;
			targetProxy = 77E733A72559F86C00AD24D4 /* PBXContainerItemProxy */;
		};
/* End PBXTargetDependency section */

/* Begin PBXVariantGroup section */
		77E7338E2559F86C00AD24D4 /* Main.storyboard */ = {
			isa = PBXVariantGroup;
			children = (
				77E7338F2559F86C00AD24D4 /* Base */,
			);
			name = Main.storyboard;
			sourceTree = "<group>";
		};
		77E733932559F86C00AD24D4 /* LaunchScreen.storyboard */ = {
			isa = PBXVariantGroup;
			children = (
				77E733942559F86C00AD24D4 /* Base */,
			);
			name = LaunchScreen.storyboard;
			sourceTree = "<group>";
		};
/* End PBXVariantGroup section */

/* Begin XCBuildConfiguration section */
		77E733AD2559F86C00AD24D4 /* Debug */ = {
			isa = XCBuildConfiguration;
			buildSettings = {
				ALWAYS_SEARCH_USER_PATHS = NO;
				CLANG_ANALYZER_NONNULL = YES;
				CLANG_ANALYZER_NUMBER_OBJECT_CONVERSION = YES_AGGRESSIVE;
				CLANG_CXX_LANGUAGE_STANDARD = "gnu++14";
				CLANG_CXX_LIBRARY = "libc++";
				CLANG_ENABLE_MODULES = YES;
				CLANG_ENABLE_OBJC_ARC = YES;
				CLANG_ENABLE_OBJC_WEAK = YES;
				CLANG_WARN_BLOCK_CAPTURE_AUTORELEASING = YES;
				CLANG_WARN_BOOL_CONVERSION = YES;
				CLANG_WARN_COMMA = YES;
				CLANG_WARN_CONSTANT_CONVERSION = YES;
				CLANG_WARN_DEPRECATED_OBJC_IMPLEMENTATIONS = YES;
				CLANG_WARN_DIRECT_OBJC_ISA_USAGE = YES_ERROR;
				CLANG_WARN_DOCUMENTATION_COMMENTS = YES;
				CLANG_WARN_EMPTY_BODY = YES;
				CLANG_WARN_ENUM_CONVERSION = YES;
				CLANG_WARN_INFINITE_RECURSION = YES;
				CLANG_WARN_INT_CONVERSION = YES;
				CLANG_WARN_NON_LITERAL_NULL_CONVERSION = YES;
				CLANG_WARN_OBJC_IMPLICIT_RETAIN_SELF = YES;
				CLANG_WARN_OBJC_LITERAL_CONVERSION = YES;
				CLANG_WARN_OBJC_ROOT_CLASS = YES_ERROR;
				CLANG_WARN_QUOTED_INCLUDE_IN_FRAMEWORK_HEADER = YES;
				CLANG_WARN_RANGE_LOOP_ANALYSIS = YES;
				CLANG_WARN_STRICT_PROTOTYPES = YES;
				CLANG_WARN_SUSPICIOUS_MOVE = YES;
				CLANG_WARN_UNGUARDED_AVAILABILITY = YES_AGGRESSIVE;
				CLANG_WARN_UNREACHABLE_CODE = YES;
				CLANG_WARN__DUPLICATE_METHOD_MATCH = YES;
				COPY_PHASE_STRIP = NO;
				DEBUG_INFORMATION_FORMAT = dwarf;
				ENABLE_STRICT_OBJC_MSGSEND = YES;
				ENABLE_TESTABILITY = YES;
				GCC_C_LANGUAGE_STANDARD = gnu11;
				GCC_DYNAMIC_NO_PIC = NO;
				GCC_NO_COMMON_BLOCKS = YES;
				GCC_OPTIMIZATION_LEVEL = 0;
				GCC_PREPROCESSOR_DEFINITIONS = (
					"DEBUG=1",
					"$(inherited)",
				);
				GCC_WARN_64_TO_32_BIT_CONVERSION = YES;
				GCC_WARN_ABOUT_RETURN_TYPE = YES_ERROR;
				GCC_WARN_UNDECLARED_SELECTOR = YES;
				GCC_WARN_UNINITIALIZED_AUTOS = YES_AGGRESSIVE;
				GCC_WARN_UNUSED_FUNCTION = YES;
				GCC_WARN_UNUSED_VARIABLE = YES;
				IPHONEOS_DEPLOYMENT_TARGET = 14.1;
				MTL_ENABLE_DEBUG_INFO = INCLUDE_SOURCE;
				MTL_FAST_MATH = YES;
				ONLY_ACTIVE_ARCH = YES;
				SDKROOT = iphoneos;
				SWIFT_ACTIVE_COMPILATION_CONDITIONS = DEBUG;
				SWIFT_OPTIMIZATION_LEVEL = "-Onone";
			};
			name = Debug;
		};
		77E733AE2559F86C00AD24D4 /* Release */ = {
			isa = XCBuildConfiguration;
			buildSettings = {
				ALWAYS_SEARCH_USER_PATHS = NO;
				CLANG_ANALYZER_NONNULL = YES;
				CLANG_ANALYZER_NUMBER_OBJECT_CONVERSION = YES_AGGRESSIVE;
				CLANG_CXX_LANGUAGE_STANDARD = "gnu++14";
				CLANG_CXX_LIBRARY = "libc++";
				CLANG_ENABLE_MODULES = YES;
				CLANG_ENABLE_OBJC_ARC = YES;
				CLANG_ENABLE_OBJC_WEAK = YES;
				CLANG_WARN_BLOCK_CAPTURE_AUTORELEASING = YES;
				CLANG_WARN_BOOL_CONVERSION = YES;
				CLANG_WARN_COMMA = YES;
				CLANG_WARN_CONSTANT_CONVERSION = YES;
				CLANG_WARN_DEPRECATED_OBJC_IMPLEMENTATIONS = YES;
				CLANG_WARN_DIRECT_OBJC_ISA_USAGE = YES_ERROR;
				CLANG_WARN_DOCUMENTATION_COMMENTS = YES;
				CLANG_WARN_EMPTY_BODY = YES;
				CLANG_WARN_ENUM_CONVERSION = YES;
				CLANG_WARN_INFINITE_RECURSION = YES;
				CLANG_WARN_INT_CONVERSION = YES;
				CLANG_WARN_NON_LITERAL_NULL_CONVERSION = YES;
				CLANG_WARN_OBJC_IMPLICIT_RETAIN_SELF = YES;
				CLANG_WARN_OBJC_LITERAL_CONVERSION = YES;
				CLANG_WARN_OBJC_ROOT_CLASS = YES_ERROR;
				CLANG_WARN_QUOTED_INCLUDE_IN_FRAMEWORK_HEADER = YES;
				CLANG_WARN_RANGE_LOOP_ANALYSIS = YES;
				CLANG_WARN_STRICT_PROTOTYPES = YES;
				CLANG_WARN_SUSPICIOUS_MOVE = YES;
				CLANG_WARN_UNGUARDED_AVAILABILITY = YES_AGGRESSIVE;
				CLANG_WARN_UNREACHABLE_CODE = YES;
				CLANG_WARN__DUPLICATE_METHOD_MATCH = YES;
				COPY_PHASE_STRIP = NO;
				DEBUG_INFORMATION_FORMAT = "dwarf-with-dsym";
				ENABLE_NS_ASSERTIONS = NO;
				ENABLE_STRICT_OBJC_MSGSEND = YES;
				GCC_C_LANGUAGE_STANDARD = gnu11;
				GCC_NO_COMMON_BLOCKS = YES;
				GCC_WARN_64_TO_32_BIT_CONVERSION = YES;
				GCC_WARN_ABOUT_RETURN_TYPE = YES_ERROR;
				GCC_WARN_UNDECLARED_SELECTOR = YES;
				GCC_WARN_UNINITIALIZED_AUTOS = YES_AGGRESSIVE;
				GCC_WARN_UNUSED_FUNCTION = YES;
				GCC_WARN_UNUSED_VARIABLE = YES;
				IPHONEOS_DEPLOYMENT_TARGET = 14.1;
				MTL_ENABLE_DEBUG_INFO = NO;
				MTL_FAST_MATH = YES;
				SDKROOT = iphoneos;
				SWIFT_COMPILATION_MODE = wholemodule;
				SWIFT_OPTIMIZATION_LEVEL = "-O";
				VALIDATE_PRODUCT = YES;
			};
			name = Release;
		};
		77E733B02559F86C00AD24D4 /* Debug */ = {
			isa = XCBuildConfiguration;
			buildSettings = {
				ASSETCATALOG_COMPILER_APPICON_NAME = AppIcon;
				ASSETCATALOG_COMPILER_GLOBAL_ACCENT_COLOR_NAME = AccentColor;
				CODE_SIGN_STYLE = Automatic;
				DEVELOPMENT_TEAM = 69Y77S7YQP;
				INFOPLIST_FILE = GestureRecognition/Info.plist;
				LD_RUNPATH_SEARCH_PATHS = (
					"$(inherited)",
					"@executable_path/Frameworks",
				);
				PRODUCT_BUNDLE_IDENTIFIER = com.ronaldoGomes.GestureRecognition;
				PRODUCT_NAME = "$(TARGET_NAME)";
				SWIFT_VERSION = 5.0;
				TARGETED_DEVICE_FAMILY = "1,2";
			};
			name = Debug;
		};
		77E733B12559F86C00AD24D4 /* Release */ = {
			isa = XCBuildConfiguration;
			buildSettings = {
				ASSETCATALOG_COMPILER_APPICON_NAME = AppIcon;
				ASSETCATALOG_COMPILER_GLOBAL_ACCENT_COLOR_NAME = AccentColor;
				CODE_SIGN_STYLE = Automatic;
				DEVELOPMENT_TEAM = 69Y77S7YQP;
				INFOPLIST_FILE = GestureRecognition/Info.plist;
				LD_RUNPATH_SEARCH_PATHS = (
					"$(inherited)",
					"@executable_path/Frameworks",
				);
				PRODUCT_BUNDLE_IDENTIFIER = com.ronaldoGomes.GestureRecognition;
				PRODUCT_NAME = "$(TARGET_NAME)";
				SWIFT_VERSION = 5.0;
				TARGETED_DEVICE_FAMILY = "1,2";
			};
			name = Release;
		};
		77E733B32559F86C00AD24D4 /* Debug */ = {
			isa = XCBuildConfiguration;
			buildSettings = {
				ALWAYS_EMBED_SWIFT_STANDARD_LIBRARIES = YES;
				BUNDLE_LOADER = "$(TEST_HOST)";
				CODE_SIGN_STYLE = Automatic;
				DEVELOPMENT_TEAM = 69Y77S7YQP;
				INFOPLIST_FILE = GestureRecognitionTests/Info.plist;
				IPHONEOS_DEPLOYMENT_TARGET = 14.1;
				LD_RUNPATH_SEARCH_PATHS = (
					"$(inherited)",
					"@executable_path/Frameworks",
					"@loader_path/Frameworks",
				);
				PRODUCT_BUNDLE_IDENTIFIER = com.ronaldoGomes.GestureRecognitionTests;
				PRODUCT_NAME = "$(TARGET_NAME)";
				SWIFT_VERSION = 5.0;
				TARGETED_DEVICE_FAMILY = "1,2";
				TEST_HOST = "$(BUILT_PRODUCTS_DIR)/GestureRecognition.app/GestureRecognition";
			};
			name = Debug;
		};
		77E733B42559F86C00AD24D4 /* Release */ = {
			isa = XCBuildConfiguration;
			buildSettings = {
				ALWAYS_EMBED_SWIFT_STANDARD_LIBRARIES = YES;
				BUNDLE_LOADER = "$(TEST_HOST)";
				CODE_SIGN_STYLE = Automatic;
				DEVELOPMENT_TEAM = 69Y77S7YQP;
				INFOPLIST_FILE = GestureRecognitionTests/Info.plist;
				IPHONEOS_DEPLOYMENT_TARGET = 14.1;
				LD_RUNPATH_SEARCH_PATHS = (
					"$(inherited)",
					"@executable_path/Frameworks",
					"@loader_path/Frameworks",
				);
				PRODUCT_BUNDLE_IDENTIFIER = com.ronaldoGomes.GestureRecognitionTests;
				PRODUCT_NAME = "$(TARGET_NAME)";
				SWIFT_VERSION = 5.0;
				TARGETED_DEVICE_FAMILY = "1,2";
				TEST_HOST = "$(BUILT_PRODUCTS_DIR)/GestureRecognition.app/GestureRecognition";
			};
			name = Release;
		};
		77E733B62559F86C00AD24D4 /* Debug */ = {
			isa = XCBuildConfiguration;
			buildSettings = {
				ALWAYS_EMBED_SWIFT_STANDARD_LIBRARIES = YES;
				CODE_SIGN_STYLE = Automatic;
				DEVELOPMENT_TEAM = 69Y77S7YQP;
				INFOPLIST_FILE = GestureRecognitionUITests/Info.plist;
				LD_RUNPATH_SEARCH_PATHS = (
					"$(inherited)",
					"@executable_path/Frameworks",
					"@loader_path/Frameworks",
				);
				PRODUCT_BUNDLE_IDENTIFIER = com.ronaldoGomes.GestureRecognitionUITests;
				PRODUCT_NAME = "$(TARGET_NAME)";
				SWIFT_VERSION = 5.0;
				TARGETED_DEVICE_FAMILY = "1,2";
				TEST_TARGET_NAME = GestureRecognition;
			};
			name = Debug;
		};
		77E733B72559F86C00AD24D4 /* Release */ = {
			isa = XCBuildConfiguration;
			buildSettings = {
				ALWAYS_EMBED_SWIFT_STANDARD_LIBRARIES = YES;
				CODE_SIGN_STYLE = Automatic;
				DEVELOPMENT_TEAM = 69Y77S7YQP;
				INFOPLIST_FILE = GestureRecognitionUITests/Info.plist;
				LD_RUNPATH_SEARCH_PATHS = (
					"$(inherited)",
					"@executable_path/Frameworks",
					"@loader_path/Frameworks",
				);
				PRODUCT_BUNDLE_IDENTIFIER = com.ronaldoGomes.GestureRecognitionUITests;
				PRODUCT_NAME = "$(TARGET_NAME)";
				SWIFT_VERSION = 5.0;
				TARGETED_DEVICE_FAMILY = "1,2";
				TEST_TARGET_NAME = GestureRecognition;
			};
			name = Release;
		};
/* End XCBuildConfiguration section */

/* Begin XCConfigurationList section */
		77E733802559F86C00AD24D4 /* Build configuration list for PBXProject "GestureRecognition" */ = {
			isa = XCConfigurationList;
			buildConfigurations = (
				77E733AD2559F86C00AD24D4 /* Debug */,
				77E733AE2559F86C00AD24D4 /* Release */,
			);
			defaultConfigurationIsVisible = 0;
			defaultConfigurationName = Release;
		};
		77E733AF2559F86C00AD24D4 /* Build configuration list for PBXNativeTarget "GestureRecognition" */ = {
			isa = XCConfigurationList;
			buildConfigurations = (
				77E733B02559F86C00AD24D4 /* Debug */,
				77E733B12559F86C00AD24D4 /* Release */,
			);
			defaultConfigurationIsVisible = 0;
			defaultConfigurationName = Release;
		};
		77E733B22559F86C00AD24D4 /* Build configuration list for PBXNativeTarget "GestureRecognitionTests" */ = {
			isa = XCConfigurationList;
			buildConfigurations = (
				77E733B32559F86C00AD24D4 /* Debug */,
				77E733B42559F86C00AD24D4 /* Release */,
			);
			defaultConfigurationIsVisible = 0;
			defaultConfigurationName = Release;
		};
		77E733B52559F86C00AD24D4 /* Build configuration list for PBXNativeTarget "GestureRecognitionUITests" */ = {
			isa = XCConfigurationList;
			buildConfigurations = (
				77E733B62559F86C00AD24D4 /* Debug */,
				77E733B72559F86C00AD24D4 /* Release */,
			);
			defaultConfigurationIsVisible = 0;
			defaultConfigurationName = Release;
		};
/* End XCConfigurationList section */
	};
	rootObject = 77E7337D2559F86C00AD24D4 /* Project object */;
}
