// !$*UTF8*$!
{
	archiveVersion = 1;
	classes = {
	};
	objectVersion = 50;
	objects = {

/* Begin PBXBuildFile section */
		77315BF825F2B13400029C54 /* AppDelegate.swift in Sources */ = {isa = PBXBuildFile; fileRef = 77315BF725F2B13400029C54 /* AppDelegate.swift */; };
		77315BFA25F2B13400029C54 /* SceneDelegate.swift in Sources */ = {isa = PBXBuildFile; fileRef = 77315BF925F2B13400029C54 /* SceneDelegate.swift */; };
		77315BFC25F2B13400029C54 /* ViewController.swift in Sources */ = {isa = PBXBuildFile; fileRef = 77315BFB25F2B13400029C54 /* ViewController.swift */; };
		77315BFF25F2B13400029C54 /* Main.storyboard in Resources */ = {isa = PBXBuildFile; fileRef = 77315BFD25F2B13400029C54 /* Main.storyboard */; };
		77315C0125F2B13500029C54 /* Assets.xcassets in Resources */ = {isa = PBXBuildFile; fileRef = 77315C0025F2B13500029C54 /* Assets.xcassets */; };
		77315C0425F2B13500029C54 /* LaunchScreen.storyboard in Resources */ = {isa = PBXBuildFile; fileRef = 77315C0225F2B13500029C54 /* LaunchScreen.storyboard */; };
		77315C0F25F2B13500029C54 /* DispenserTests.swift in Sources */ = {isa = PBXBuildFile; fileRef = 77315C0E25F2B13500029C54 /* DispenserTests.swift */; };
		77315C1A25F2B13500029C54 /* DispenserUITests.swift in Sources */ = {isa = PBXBuildFile; fileRef = 77315C1925F2B13500029C54 /* DispenserUITests.swift */; };
		77444AA425F2CC5300713E56 /* Full.swift in Sources */ = {isa = PBXBuildFile; fileRef = 77444AA325F2CC5300713E56 /* Full.swift */; };
		77444AA925F2CC7400713E56 /* Empty.swift in Sources */ = {isa = PBXBuildFile; fileRef = 77444AA825F2CC7400713E56 /* Empty.swift */; };
		77444AAE25F2CC9600713E56 /* PartiallyFull.swift in Sources */ = {isa = PBXBuildFile; fileRef = 77444AAD25F2CC9600713E56 /* PartiallyFull.swift */; };
		77444AB325F2D0A900713E56 /* Serve.swift in Sources */ = {isa = PBXBuildFile; fileRef = 77444AB225F2D0A900713E56 /* Serve.swift */; };
		77444AB825F2D0BD00713E56 /* Refilll.swift in Sources */ = {isa = PBXBuildFile; fileRef = 77444AB725F2D0BD00713E56 /* Refilll.swift */; };
/* End PBXBuildFile section */

/* Begin PBXContainerItemProxy section */
		77315C0B25F2B13500029C54 /* PBXContainerItemProxy */ = {
			isa = PBXContainerItemProxy;
			containerPortal = 77315BEC25F2B13400029C54 /* Project object */;
			proxyType = 1;
			remoteGlobalIDString = 77315BF325F2B13400029C54;
			remoteInfo = Dispenser;
		};
		77315C1625F2B13500029C54 /* PBXContainerItemProxy */ = {
			isa = PBXContainerItemProxy;
			containerPortal = 77315BEC25F2B13400029C54 /* Project object */;
			proxyType = 1;
			remoteGlobalIDString = 77315BF325F2B13400029C54;
			remoteInfo = Dispenser;
		};
/* End PBXContainerItemProxy section */

/* Begin PBXFileReference section */
		77315BF425F2B13400029C54 /* Dispenser.app */ = {isa = PBXFileReference; explicitFileType = wrapper.application; includeInIndex = 0; path = Dispenser.app; sourceTree = BUILT_PRODUCTS_DIR; };
		77315BF725F2B13400029C54 /* AppDelegate.swift */ = {isa = PBXFileReference; lastKnownFileType = sourcecode.swift; path = AppDelegate.swift; sourceTree = "<group>"; };
		77315BF925F2B13400029C54 /* SceneDelegate.swift */ = {isa = PBXFileReference; lastKnownFileType = sourcecode.swift; path = SceneDelegate.swift; sourceTree = "<group>"; };
		77315BFB25F2B13400029C54 /* ViewController.swift */ = {isa = PBXFileReference; lastKnownFileType = sourcecode.swift; path = ViewController.swift; sourceTree = "<group>"; };
		77315BFE25F2B13400029C54 /* Base */ = {isa = PBXFileReference; lastKnownFileType = file.storyboard; name = Base; path = Base.lproj/Main.storyboard; sourceTree = "<group>"; };
		77315C0025F2B13500029C54 /* Assets.xcassets */ = {isa = PBXFileReference; lastKnownFileType = folder.assetcatalog; path = Assets.xcassets; sourceTree = "<group>"; };
		77315C0325F2B13500029C54 /* Base */ = {isa = PBXFileReference; lastKnownFileType = file.storyboard; name = Base; path = Base.lproj/LaunchScreen.storyboard; sourceTree = "<group>"; };
		77315C0525F2B13500029C54 /* Info.plist */ = {isa = PBXFileReference; lastKnownFileType = text.plist.xml; path = Info.plist; sourceTree = "<group>"; };
		77315C0A25F2B13500029C54 /* DispenserTests.xctest */ = {isa = PBXFileReference; explicitFileType = wrapper.cfbundle; includeInIndex = 0; path = DispenserTests.xctest; sourceTree = BUILT_PRODUCTS_DIR; };
		77315C0E25F2B13500029C54 /* DispenserTests.swift */ = {isa = PBXFileReference; lastKnownFileType = sourcecode.swift; path = DispenserTests.swift; sourceTree = "<group>"; };
		77315C1025F2B13500029C54 /* Info.plist */ = {isa = PBXFileReference; lastKnownFileType = text.plist.xml; path = Info.plist; sourceTree = "<group>"; };
		77315C1525F2B13500029C54 /* DispenserUITests.xctest */ = {isa = PBXFileReference; explicitFileType = wrapper.cfbundle; includeInIndex = 0; path = DispenserUITests.xctest; sourceTree = BUILT_PRODUCTS_DIR; };
		77315C1925F2B13500029C54 /* DispenserUITests.swift */ = {isa = PBXFileReference; lastKnownFileType = sourcecode.swift; path = DispenserUITests.swift; sourceTree = "<group>"; };
		77315C1B25F2B13500029C54 /* Info.plist */ = {isa = PBXFileReference; lastKnownFileType = text.plist.xml; path = Info.plist; sourceTree = "<group>"; };
		77444AA325F2CC5300713E56 /* Full.swift */ = {isa = PBXFileReference; lastKnownFileType = sourcecode.swift; path = Full.swift; sourceTree = "<group>"; };
		77444AA825F2CC7400713E56 /* Empty.swift */ = {isa = PBXFileReference; lastKnownFileType = sourcecode.swift; path = Empty.swift; sourceTree = "<group>"; };
		77444AAD25F2CC9600713E56 /* PartiallyFull.swift */ = {isa = PBXFileReference; lastKnownFileType = sourcecode.swift; path = PartiallyFull.swift; sourceTree = "<group>"; };
		77444AB225F2D0A900713E56 /* Serve.swift */ = {isa = PBXFileReference; lastKnownFileType = sourcecode.swift; path = Serve.swift; sourceTree = "<group>"; };
		77444AB725F2D0BD00713E56 /* Refilll.swift */ = {isa = PBXFileReference; lastKnownFileType = sourcecode.swift; path = Refilll.swift; sourceTree = "<group>"; };
/* End PBXFileReference section */

/* Begin PBXFrameworksBuildPhase section */
		77315BF125F2B13400029C54 /* Frameworks */ = {
			isa = PBXFrameworksBuildPhase;
			buildActionMask = 2147483647;
			files = (
			);
			runOnlyForDeploymentPostprocessing = 0;
		};
		77315C0725F2B13500029C54 /* Frameworks */ = {
			isa = PBXFrameworksBuildPhase;
			buildActionMask = 2147483647;
			files = (
			);
			runOnlyForDeploymentPostprocessing = 0;
		};
		77315C1225F2B13500029C54 /* Frameworks */ = {
			isa = PBXFrameworksBuildPhase;
			buildActionMask = 2147483647;
			files = (
			);
			runOnlyForDeploymentPostprocessing = 0;
		};
/* End PBXFrameworksBuildPhase section */

/* Begin PBXGroup section */
		77315BEB25F2B13400029C54 = {
			isa = PBXGroup;
			children = (
				77315BF625F2B13400029C54 /* Dispenser */,
				77315C0D25F2B13500029C54 /* DispenserTests */,
				77315C1825F2B13500029C54 /* DispenserUITests */,
				77315BF525F2B13400029C54 /* Products */,
			);
			sourceTree = "<group>";
		};
		77315BF525F2B13400029C54 /* Products */ = {
			isa = PBXGroup;
			children = (
				77315BF425F2B13400029C54 /* Dispenser.app */,
				77315C0A25F2B13500029C54 /* DispenserTests.xctest */,
				77315C1525F2B13500029C54 /* DispenserUITests.xctest */,
			);
			name = Products;
			sourceTree = "<group>";
		};
		77315BF625F2B13400029C54 /* Dispenser */ = {
			isa = PBXGroup;
			children = (
				77315C2A25F2B98F00029C54 /* States */,
				77315BFB25F2B13400029C54 /* ViewController.swift */,
				77315BF725F2B13400029C54 /* AppDelegate.swift */,
				77315BF925F2B13400029C54 /* SceneDelegate.swift */,
				77315BFD25F2B13400029C54 /* Main.storyboard */,
				77315C0025F2B13500029C54 /* Assets.xcassets */,
				77315C0225F2B13500029C54 /* LaunchScreen.storyboard */,
				77315C0525F2B13500029C54 /* Info.plist */,
			);
			path = Dispenser;
			sourceTree = "<group>";
		};
		77315C0D25F2B13500029C54 /* DispenserTests */ = {
			isa = PBXGroup;
			children = (
				77315C0E25F2B13500029C54 /* DispenserTests.swift */,
				77315C1025F2B13500029C54 /* Info.plist */,
			);
			path = DispenserTests;
			sourceTree = "<group>";
		};
		77315C1825F2B13500029C54 /* DispenserUITests */ = {
			isa = PBXGroup;
			children = (
				77315C1925F2B13500029C54 /* DispenserUITests.swift */,
				77315C1B25F2B13500029C54 /* Info.plist */,
			);
			path = DispenserUITests;
			sourceTree = "<group>";
		};
		77315C2A25F2B98F00029C54 /* States */ = {
			isa = PBXGroup;
			children = (
				77444AA325F2CC5300713E56 /* Full.swift */,
				77444AA825F2CC7400713E56 /* Empty.swift */,
				77444AAD25F2CC9600713E56 /* PartiallyFull.swift */,
				77444AB225F2D0A900713E56 /* Serve.swift */,
				77444AB725F2D0BD00713E56 /* Refilll.swift */,
			);
			path = States;
			sourceTree = "<group>";
		};
/* End PBXGroup section */

/* Begin PBXNativeTarget section */
		77315BF325F2B13400029C54 /* Dispenser */ = {
			isa = PBXNativeTarget;
			buildConfigurationList = 77315C1E25F2B13500029C54 /* Build configuration list for PBXNativeTarget "Dispenser" */;
			buildPhases = (
				77315BF025F2B13400029C54 /* Sources */,
				77315BF125F2B13400029C54 /* Frameworks */,
				77315BF225F2B13400029C54 /* Resources */,
			);
			buildRules = (
			);
			dependencies = (
			);
			name = Dispenser;
			productName = Dispenser;
			productReference = 77315BF425F2B13400029C54 /* Dispenser.app */;
			productType = "com.apple.product-type.application";
		};
		77315C0925F2B13500029C54 /* DispenserTests */ = {
			isa = PBXNativeTarget;
			buildConfigurationList = 77315C2125F2B13500029C54 /* Build configuration list for PBXNativeTarget "DispenserTests" */;
			buildPhases = (
				77315C0625F2B13500029C54 /* Sources */,
				77315C0725F2B13500029C54 /* Frameworks */,
				77315C0825F2B13500029C54 /* Resources */,
			);
			buildRules = (
			);
			dependencies = (
				77315C0C25F2B13500029C54 /* PBXTargetDependency */,
			);
			name = DispenserTests;
			productName = DispenserTests;
			productReference = 77315C0A25F2B13500029C54 /* DispenserTests.xctest */;
			productType = "com.apple.product-type.bundle.unit-test";
		};
		77315C1425F2B13500029C54 /* DispenserUITests */ = {
			isa = PBXNativeTarget;
			buildConfigurationList = 77315C2425F2B13500029C54 /* Build configuration list for PBXNativeTarget "DispenserUITests" */;
			buildPhases = (
				77315C1125F2B13500029C54 /* Sources */,
				77315C1225F2B13500029C54 /* Frameworks */,
				77315C1325F2B13500029C54 /* Resources */,
			);
			buildRules = (
			);
			dependencies = (
				77315C1725F2B13500029C54 /* PBXTargetDependency */,
			);
			name = DispenserUITests;
			productName = DispenserUITests;
			productReference = 77315C1525F2B13500029C54 /* DispenserUITests.xctest */;
			productType = "com.apple.product-type.bundle.ui-testing";
		};
/* End PBXNativeTarget section */

/* Begin PBXProject section */
		77315BEC25F2B13400029C54 /* Project object */ = {
			isa = PBXProject;
			attributes = {
				LastSwiftUpdateCheck = 1240;
				LastUpgradeCheck = 1240;
				TargetAttributes = {
					77315BF325F2B13400029C54 = {
						CreatedOnToolsVersion = 12.4;
					};
					77315C0925F2B13500029C54 = {
						CreatedOnToolsVersion = 12.4;
						TestTargetID = 77315BF325F2B13400029C54;
					};
					77315C1425F2B13500029C54 = {
						CreatedOnToolsVersion = 12.4;
						TestTargetID = 77315BF325F2B13400029C54;
					};
				};
			};
			buildConfigurationList = 77315BEF25F2B13400029C54 /* Build configuration list for PBXProject "Dispenser" */;
			compatibilityVersion = "Xcode 9.3";
			developmentRegion = en;
			hasScannedForEncodings = 0;
			knownRegions = (
				en,
				Base,
			);
			mainGroup = 77315BEB25F2B13400029C54;
			productRefGroup = 77315BF525F2B13400029C54 /* Products */;
			projectDirPath = "";
			projectRoot = "";
			targets = (
				77315BF325F2B13400029C54 /* Dispenser */,
				77315C0925F2B13500029C54 /* DispenserTests */,
				77315C1425F2B13500029C54 /* DispenserUITests */,
			);
		};
/* End PBXProject section */

/* Begin PBXResourcesBuildPhase section */
		77315BF225F2B13400029C54 /* Resources */ = {
			isa = PBXResourcesBuildPhase;
			buildActionMask = 2147483647;
			files = (
				77315C0425F2B13500029C54 /* LaunchScreen.storyboard in Resources */,
				77315C0125F2B13500029C54 /* Assets.xcassets in Resources */,
				77315BFF25F2B13400029C54 /* Main.storyboard in Resources */,
			);
			runOnlyForDeploymentPostprocessing = 0;
		};
		77315C0825F2B13500029C54 /* Resources */ = {
			isa = PBXResourcesBuildPhase;
			buildActionMask = 2147483647;
			files = (
			);
			runOnlyForDeploymentPostprocessing = 0;
		};
		77315C1325F2B13500029C54 /* Resources */ = {
			isa = PBXResourcesBuildPhase;
			buildActionMask = 2147483647;
			files = (
			);
			runOnlyForDeploymentPostprocessing = 0;
		};
/* End PBXResourcesBuildPhase section */

/* Begin PBXSourcesBuildPhase section */
		77315BF025F2B13400029C54 /* Sources */ = {
			isa = PBXSourcesBuildPhase;
			buildActionMask = 2147483647;
			files = (
				77444AA425F2CC5300713E56 /* Full.swift in Sources */,
				77315BFC25F2B13400029C54 /* ViewController.swift in Sources */,
				77444AB825F2D0BD00713E56 /* Refilll.swift in Sources */,
				77444AA925F2CC7400713E56 /* Empty.swift in Sources */,
				77315BF825F2B13400029C54 /* AppDelegate.swift in Sources */,
				77315BFA25F2B13400029C54 /* SceneDelegate.swift in Sources */,
				77444AAE25F2CC9600713E56 /* PartiallyFull.swift in Sources */,
				77444AB325F2D0A900713E56 /* Serve.swift in Sources */,
			);
			runOnlyForDeploymentPostprocessing = 0;
		};
		77315C0625F2B13500029C54 /* Sources */ = {
			isa = PBXSourcesBuildPhase;
			buildActionMask = 2147483647;
			files = (
				77315C0F25F2B13500029C54 /* DispenserTests.swift in Sources */,
			);
			runOnlyForDeploymentPostprocessing = 0;
		};
		77315C1125F2B13500029C54 /* Sources */ = {
			isa = PBXSourcesBuildPhase;
			buildActionMask = 2147483647;
			files = (
				77315C1A25F2B13500029C54 /* DispenserUITests.swift in Sources */,
			);
			runOnlyForDeploymentPostprocessing = 0;
		};
/* End PBXSourcesBuildPhase section */

/* Begin PBXTargetDependency section */
		77315C0C25F2B13500029C54 /* PBXTargetDependency */ = {
			isa = PBXTargetDependency;
			target = 77315BF325F2B13400029C54 /* Dispenser */;
			targetProxy = 77315C0B25F2B13500029C54 /* PBXContainerItemProxy */;
		};
		77315C1725F2B13500029C54 /* PBXTargetDependency */ = {
			isa = PBXTargetDependency;
			target = 77315BF325F2B13400029C54 /* Dispenser */;
			targetProxy = 77315C1625F2B13500029C54 /* PBXContainerItemProxy */;
		};
/* End PBXTargetDependency section */

/* Begin PBXVariantGroup section */
		77315BFD25F2B13400029C54 /* Main.storyboard */ = {
			isa = PBXVariantGroup;
			children = (
				77315BFE25F2B13400029C54 /* Base */,
			);
			name = Main.storyboard;
			sourceTree = "<group>";
		};
		77315C0225F2B13500029C54 /* LaunchScreen.storyboard */ = {
			isa = PBXVariantGroup;
			children = (
				77315C0325F2B13500029C54 /* Base */,
			);
			name = LaunchScreen.storyboard;
			sourceTree = "<group>";
		};
/* End PBXVariantGroup section */

/* Begin XCBuildConfiguration section */
		77315C1C25F2B13500029C54 /* Debug */ = {
			isa = XCBuildConfiguration;
			buildSettings = {
				ALWAYS_SEARCH_USER_PATHS = NO;
				CLANG_ANALYZER_NONNULL = YES;
				CLANG_ANALYZER_NUMBER_OBJECT_CONVERSION = YES_AGGRESSIVE;
				CLANG_CXX_LANGUAGE_STANDARD = "gnu++14";
				CLANG_CXX_LIBRARY = "libc++";
				CLANG_ENABLE_MODULES = YES;
				CLANG_ENABLE_OBJC_ARC = YES;
				CLANG_ENABLE_OBJC_WEAK = YES;
				CLANG_WARN_BLOCK_CAPTURE_AUTORELEASING = YES;
				CLANG_WARN_BOOL_CONVERSION = YES;
				CLANG_WARN_COMMA = YES;
				CLANG_WARN_CONSTANT_CONVERSION = YES;
				CLANG_WARN_DEPRECATED_OBJC_IMPLEMENTATIONS = YES;
				CLANG_WARN_DIRECT_OBJC_ISA_USAGE = YES_ERROR;
				CLANG_WARN_DOCUMENTATION_COMMENTS = YES;
				CLANG_WARN_EMPTY_BODY = YES;
				CLANG_WARN_ENUM_CONVERSION = YES;
				CLANG_WARN_INFINITE_RECURSION = YES;
				CLANG_WARN_INT_CONVERSION = YES;
				CLANG_WARN_NON_LITERAL_NULL_CONVERSION = YES;
				CLANG_WARN_OBJC_IMPLICIT_RETAIN_SELF = YES;
				CLANG_WARN_OBJC_LITERAL_CONVERSION = YES;
				CLANG_WARN_OBJC_ROOT_CLASS = YES_ERROR;
				CLANG_WARN_QUOTED_INCLUDE_IN_FRAMEWORK_HEADER = YES;
				CLANG_WARN_RANGE_LOOP_ANALYSIS = YES;
				CLANG_WARN_STRICT_PROTOTYPES = YES;
				CLANG_WARN_SUSPICIOUS_MOVE = YES;
				CLANG_WARN_UNGUARDED_AVAILABILITY = YES_AGGRESSIVE;
				CLANG_WARN_UNREACHABLE_CODE = YES;
				CLANG_WARN__DUPLICATE_METHOD_MATCH = YES;
				COPY_PHASE_STRIP = NO;
				DEBUG_INFORMATION_FORMAT = dwarf;
				ENABLE_STRICT_OBJC_MSGSEND = YES;
				ENABLE_TESTABILITY = YES;
				GCC_C_LANGUAGE_STANDARD = gnu11;
				GCC_DYNAMIC_NO_PIC = NO;
				GCC_NO_COMMON_BLOCKS = YES;
				GCC_OPTIMIZATION_LEVEL = 0;
				GCC_PREPROCESSOR_DEFINITIONS = (
					"DEBUG=1",
					"$(inherited)",
				);
				GCC_WARN_64_TO_32_BIT_CONVERSION = YES;
				GCC_WARN_ABOUT_RETURN_TYPE = YES_ERROR;
				GCC_WARN_UNDECLARED_SELECTOR = YES;
				GCC_WARN_UNINITIALIZED_AUTOS = YES_AGGRESSIVE;
				GCC_WARN_UNUSED_FUNCTION = YES;
				GCC_WARN_UNUSED_VARIABLE = YES;
				IPHONEOS_DEPLOYMENT_TARGET = 14.4;
				MTL_ENABLE_DEBUG_INFO = INCLUDE_SOURCE;
				MTL_FAST_MATH = YES;
				ONLY_ACTIVE_ARCH = YES;
				SDKROOT = iphoneos;
				SWIFT_ACTIVE_COMPILATION_CONDITIONS = DEBUG;
				SWIFT_OPTIMIZATION_LEVEL = "-Onone";
			};
			name = Debug;
		};
		77315C1D25F2B13500029C54 /* Release */ = {
			isa = XCBuildConfiguration;
			buildSettings = {
				ALWAYS_SEARCH_USER_PATHS = NO;
				CLANG_ANALYZER_NONNULL = YES;
				CLANG_ANALYZER_NUMBER_OBJECT_CONVERSION = YES_AGGRESSIVE;
				CLANG_CXX_LANGUAGE_STANDARD = "gnu++14";
				CLANG_CXX_LIBRARY = "libc++";
				CLANG_ENABLE_MODULES = YES;
				CLANG_ENABLE_OBJC_ARC = YES;
				CLANG_ENABLE_OBJC_WEAK = YES;
				CLANG_WARN_BLOCK_CAPTURE_AUTORELEASING = YES;
				CLANG_WARN_BOOL_CONVERSION = YES;
				CLANG_WARN_COMMA = YES;
				CLANG_WARN_CONSTANT_CONVERSION = YES;
				CLANG_WARN_DEPRECATED_OBJC_IMPLEMENTATIONS = YES;
				CLANG_WARN_DIRECT_OBJC_ISA_USAGE = YES_ERROR;
				CLANG_WARN_DOCUMENTATION_COMMENTS = YES;
				CLANG_WARN_EMPTY_BODY = YES;
				CLANG_WARN_ENUM_CONVERSION = YES;
				CLANG_WARN_INFINITE_RECURSION = YES;
				CLANG_WARN_INT_CONVERSION = YES;
				CLANG_WARN_NON_LITERAL_NULL_CONVERSION = YES;
				CLANG_WARN_OBJC_IMPLICIT_RETAIN_SELF = YES;
				CLANG_WARN_OBJC_LITERAL_CONVERSION = YES;
				CLANG_WARN_OBJC_ROOT_CLASS = YES_ERROR;
				CLANG_WARN_QUOTED_INCLUDE_IN_FRAMEWORK_HEADER = YES;
				CLANG_WARN_RANGE_LOOP_ANALYSIS = YES;
				CLANG_WARN_STRICT_PROTOTYPES = YES;
				CLANG_WARN_SUSPICIOUS_MOVE = YES;
				CLANG_WARN_UNGUARDED_AVAILABILITY = YES_AGGRESSIVE;
				CLANG_WARN_UNREACHABLE_CODE = YES;
				CLANG_WARN__DUPLICATE_METHOD_MATCH = YES;
				COPY_PHASE_STRIP = NO;
				DEBUG_INFORMATION_FORMAT = "dwarf-with-dsym";
				ENABLE_NS_ASSERTIONS = NO;
				ENABLE_STRICT_OBJC_MSGSEND = YES;
				GCC_C_LANGUAGE_STANDARD = gnu11;
				GCC_NO_COMMON_BLOCKS = YES;
				GCC_WARN_64_TO_32_BIT_CONVERSION = YES;
				GCC_WARN_ABOUT_RETURN_TYPE = YES_ERROR;
				GCC_WARN_UNDECLARED_SELECTOR = YES;
				GCC_WARN_UNINITIALIZED_AUTOS = YES_AGGRESSIVE;
				GCC_WARN_UNUSED_FUNCTION = YES;
				GCC_WARN_UNUSED_VARIABLE = YES;
				IPHONEOS_DEPLOYMENT_TARGET = 14.4;
				MTL_ENABLE_DEBUG_INFO = NO;
				MTL_FAST_MATH = YES;
				SDKROOT = iphoneos;
				SWIFT_COMPILATION_MODE = wholemodule;
				SWIFT_OPTIMIZATION_LEVEL = "-O";
				VALIDATE_PRODUCT = YES;
			};
			name = Release;
		};
		77315C1F25F2B13500029C54 /* Debug */ = {
			isa = XCBuildConfiguration;
			buildSettings = {
				ASSETCATALOG_COMPILER_APPICON_NAME = AppIcon;
				ASSETCATALOG_COMPILER_GLOBAL_ACCENT_COLOR_NAME = AccentColor;
				CODE_SIGN_STYLE = Automatic;
				DEVELOPMENT_TEAM = 69Y77S7YQP;
				INFOPLIST_FILE = Dispenser/Info.plist;
				LD_RUNPATH_SEARCH_PATHS = (
					"$(inherited)",
					"@executable_path/Frameworks",
				);
				PRODUCT_BUNDLE_IDENTIFIER = com.ronaldoGomes.Dispenser;
				PRODUCT_NAME = "$(TARGET_NAME)";
				SWIFT_VERSION = 5.0;
				TARGETED_DEVICE_FAMILY = "1,2";
			};
			name = Debug;
		};
		77315C2025F2B13500029C54 /* Release */ = {
			isa = XCBuildConfiguration;
			buildSettings = {
				ASSETCATALOG_COMPILER_APPICON_NAME = AppIcon;
				ASSETCATALOG_COMPILER_GLOBAL_ACCENT_COLOR_NAME = AccentColor;
				CODE_SIGN_STYLE = Automatic;
				DEVELOPMENT_TEAM = 69Y77S7YQP;
				INFOPLIST_FILE = Dispenser/Info.plist;
				LD_RUNPATH_SEARCH_PATHS = (
					"$(inherited)",
					"@executable_path/Frameworks",
				);
				PRODUCT_BUNDLE_IDENTIFIER = com.ronaldoGomes.Dispenser;
				PRODUCT_NAME = "$(TARGET_NAME)";
				SWIFT_VERSION = 5.0;
				TARGETED_DEVICE_FAMILY = "1,2";
			};
			name = Release;
		};
		77315C2225F2B13500029C54 /* Debug */ = {
			isa = XCBuildConfiguration;
			buildSettings = {
				ALWAYS_EMBED_SWIFT_STANDARD_LIBRARIES = YES;
				BUNDLE_LOADER = "$(TEST_HOST)";
				CODE_SIGN_STYLE = Automatic;
				DEVELOPMENT_TEAM = 69Y77S7YQP;
				INFOPLIST_FILE = DispenserTests/Info.plist;
				IPHONEOS_DEPLOYMENT_TARGET = 14.4;
				LD_RUNPATH_SEARCH_PATHS = (
					"$(inherited)",
					"@executable_path/Frameworks",
					"@loader_path/Frameworks",
				);
				PRODUCT_BUNDLE_IDENTIFIER = com.ronaldoGomes.DispenserTests;
				PRODUCT_NAME = "$(TARGET_NAME)";
				SWIFT_VERSION = 5.0;
				TARGETED_DEVICE_FAMILY = "1,2";
				TEST_HOST = "$(BUILT_PRODUCTS_DIR)/Dispenser.app/Dispenser";
			};
			name = Debug;
		};
		77315C2325F2B13500029C54 /* Release */ = {
			isa = XCBuildConfiguration;
			buildSettings = {
				ALWAYS_EMBED_SWIFT_STANDARD_LIBRARIES = YES;
				BUNDLE_LOADER = "$(TEST_HOST)";
				CODE_SIGN_STYLE = Automatic;
				DEVELOPMENT_TEAM = 69Y77S7YQP;
				INFOPLIST_FILE = DispenserTests/Info.plist;
				IPHONEOS_DEPLOYMENT_TARGET = 14.4;
				LD_RUNPATH_SEARCH_PATHS = (
					"$(inherited)",
					"@executable_path/Frameworks",
					"@loader_path/Frameworks",
				);
				PRODUCT_BUNDLE_IDENTIFIER = com.ronaldoGomes.DispenserTests;
				PRODUCT_NAME = "$(TARGET_NAME)";
				SWIFT_VERSION = 5.0;
				TARGETED_DEVICE_FAMILY = "1,2";
				TEST_HOST = "$(BUILT_PRODUCTS_DIR)/Dispenser.app/Dispenser";
			};
			name = Release;
		};
		77315C2525F2B13500029C54 /* Debug */ = {
			isa = XCBuildConfiguration;
			buildSettings = {
				ALWAYS_EMBED_SWIFT_STANDARD_LIBRARIES = YES;
				CODE_SIGN_STYLE = Automatic;
				DEVELOPMENT_TEAM = 69Y77S7YQP;
				INFOPLIST_FILE = DispenserUITests/Info.plist;
				LD_RUNPATH_SEARCH_PATHS = (
					"$(inherited)",
					"@executable_path/Frameworks",
					"@loader_path/Frameworks",
				);
				PRODUCT_BUNDLE_IDENTIFIER = com.ronaldoGomes.DispenserUITests;
				PRODUCT_NAME = "$(TARGET_NAME)";
				SWIFT_VERSION = 5.0;
				TARGETED_DEVICE_FAMILY = "1,2";
				TEST_TARGET_NAME = Dispenser;
			};
			name = Debug;
		};
		77315C2625F2B13500029C54 /* Release */ = {
			isa = XCBuildConfiguration;
			buildSettings = {
				ALWAYS_EMBED_SWIFT_STANDARD_LIBRARIES = YES;
				CODE_SIGN_STYLE = Automatic;
				DEVELOPMENT_TEAM = 69Y77S7YQP;
				INFOPLIST_FILE = DispenserUITests/Info.plist;
				LD_RUNPATH_SEARCH_PATHS = (
					"$(inherited)",
					"@executable_path/Frameworks",
					"@loader_path/Frameworks",
				);
				PRODUCT_BUNDLE_IDENTIFIER = com.ronaldoGomes.DispenserUITests;
				PRODUCT_NAME = "$(TARGET_NAME)";
				SWIFT_VERSION = 5.0;
				TARGETED_DEVICE_FAMILY = "1,2";
				TEST_TARGET_NAME = Dispenser;
			};
			name = Release;
		};
/* End XCBuildConfiguration section */

/* Begin XCConfigurationList section */
		77315BEF25F2B13400029C54 /* Build configuration list for PBXProject "Dispenser" */ = {
			isa = XCConfigurationList;
			buildConfigurations = (
				77315C1C25F2B13500029C54 /* Debug */,
				77315C1D25F2B13500029C54 /* Release */,
			);
			defaultConfigurationIsVisible = 0;
			defaultConfigurationName = Release;
		};
		77315C1E25F2B13500029C54 /* Build configuration list for PBXNativeTarget "Dispenser" */ = {
			isa = XCConfigurationList;
			buildConfigurations = (
				77315C1F25F2B13500029C54 /* Debug */,
				77315C2025F2B13500029C54 /* Release */,
			);
			defaultConfigurationIsVisible = 0;
			defaultConfigurationName = Release;
		};
		77315C2125F2B13500029C54 /* Build configuration list for PBXNativeTarget "DispenserTests" */ = {
			isa = XCConfigurationList;
			buildConfigurations = (
				77315C2225F2B13500029C54 /* Debug */,
				77315C2325F2B13500029C54 /* Release */,
			);
			defaultConfigurationIsVisible = 0;
			defaultConfigurationName = Release;
		};
		77315C2425F2B13500029C54 /* Build configuration list for PBXNativeTarget "DispenserUITests" */ = {
			isa = XCConfigurationList;
			buildConfigurations = (
				77315C2525F2B13500029C54 /* Debug */,
				77315C2625F2B13500029C54 /* Release */,
			);
			defaultConfigurationIsVisible = 0;
			defaultConfigurationName = Release;
		};
/* End XCConfigurationList section */
	};
	rootObject = 77315BEC25F2B13400029C54 /* Project object */;
}
