// !$*UTF8*$!
{
	archiveVersion = 1;
	classes = {
	};
	objectVersion = 50;
	objects = {

/* Begin PBXBuildFile section */
		779FF8252560C4AB007FF79C /* AppDelegate.swift in Sources */ = {isa = PBXBuildFile; fileRef = 779FF8242560C4AB007FF79C /* AppDelegate.swift */; };
		779FF8272560C4AB007FF79C /* art.scnassets in Resources */ = {isa = PBXBuildFile; fileRef = 779FF8262560C4AB007FF79C /* art.scnassets */; };
		779FF8292560C4AB007FF79C /* ViewController.swift in Sources */ = {isa = PBXBuildFile; fileRef = 779FF8282560C4AB007FF79C /* ViewController.swift */; };
		779FF82C2560C4AB007FF79C /* Main.storyboard in Resources */ = {isa = PBXBuildFile; fileRef = 779FF82A2560C4AB007FF79C /* Main.storyboard */; };
		779FF82E2560C4AB007FF79C /* Assets.xcassets in Resources */ = {isa = PBXBuildFile; fileRef = 779FF82D2560C4AB007FF79C /* Assets.xcassets */; };
		779FF8312560C4AB007FF79C /* LaunchScreen.storyboard in Resources */ = {isa = PBXBuildFile; fileRef = 779FF82F2560C4AB007FF79C /* LaunchScreen.storyboard */; };
		779FF83C2560C4AB007FF79C /* ARDiceeTests.swift in Sources */ = {isa = PBXBuildFile; fileRef = 779FF83B2560C4AB007FF79C /* ARDiceeTests.swift */; };
		779FF8472560C4AB007FF79C /* ARDiceeUITests.swift in Sources */ = {isa = PBXBuildFile; fileRef = 779FF8462560C4AB007FF79C /* ARDiceeUITests.swift */; };
/* End PBXBuildFile section */

/* Begin PBXContainerItemProxy section */
		779FF8382560C4AB007FF79C /* PBXContainerItemProxy */ = {
			isa = PBXContainerItemProxy;
			containerPortal = 779FF8192560C4AA007FF79C /* Project object */;
			proxyType = 1;
			remoteGlobalIDString = 779FF8202560C4AA007FF79C;
			remoteInfo = ARDicee;
		};
		779FF8432560C4AB007FF79C /* PBXContainerItemProxy */ = {
			isa = PBXContainerItemProxy;
			containerPortal = 779FF8192560C4AA007FF79C /* Project object */;
			proxyType = 1;
			remoteGlobalIDString = 779FF8202560C4AA007FF79C;
			remoteInfo = ARDicee;
		};
/* End PBXContainerItemProxy section */

/* Begin PBXFileReference section */
		779FF8212560C4AB007FF79C /* ARDicee.app */ = {isa = PBXFileReference; explicitFileType = wrapper.application; includeInIndex = 0; path = ARDicee.app; sourceTree = BUILT_PRODUCTS_DIR; };
		779FF8242560C4AB007FF79C /* AppDelegate.swift */ = {isa = PBXFileReference; lastKnownFileType = sourcecode.swift; path = AppDelegate.swift; sourceTree = "<group>"; };
		779FF8262560C4AB007FF79C /* art.scnassets */ = {isa = PBXFileReference; lastKnownFileType = wrapper.scnassets; path = art.scnassets; sourceTree = "<group>"; };
		779FF8282560C4AB007FF79C /* ViewController.swift */ = {isa = PBXFileReference; lastKnownFileType = sourcecode.swift; path = ViewController.swift; sourceTree = "<group>"; };
		779FF82B2560C4AB007FF79C /* Base */ = {isa = PBXFileReference; lastKnownFileType = file.storyboard; name = Base; path = Base.lproj/Main.storyboard; sourceTree = "<group>"; };
		779FF82D2560C4AB007FF79C /* Assets.xcassets */ = {isa = PBXFileReference; lastKnownFileType = folder.assetcatalog; path = Assets.xcassets; sourceTree = "<group>"; };
		779FF8302560C4AB007FF79C /* Base */ = {isa = PBXFileReference; lastKnownFileType = file.storyboard; name = Base; path = Base.lproj/LaunchScreen.storyboard; sourceTree = "<group>"; };
		779FF8322560C4AB007FF79C /* Info.plist */ = {isa = PBXFileReference; lastKnownFileType = text.plist.xml; path = Info.plist; sourceTree = "<group>"; };
		779FF8372560C4AB007FF79C /* ARDiceeTests.xctest */ = {isa = PBXFileReference; explicitFileType = wrapper.cfbundle; includeInIndex = 0; path = ARDiceeTests.xctest; sourceTree = BUILT_PRODUCTS_DIR; };
		779FF83B2560C4AB007FF79C /* ARDiceeTests.swift */ = {isa = PBXFileReference; lastKnownFileType = sourcecode.swift; path = ARDiceeTests.swift; sourceTree = "<group>"; };
		779FF83D2560C4AB007FF79C /* Info.plist */ = {isa = PBXFileReference; lastKnownFileType = text.plist.xml; path = Info.plist; sourceTree = "<group>"; };
		779FF8422560C4AB007FF79C /* ARDiceeUITests.xctest */ = {isa = PBXFileReference; explicitFileType = wrapper.cfbundle; includeInIndex = 0; path = ARDiceeUITests.xctest; sourceTree = BUILT_PRODUCTS_DIR; };
		779FF8462560C4AB007FF79C /* ARDiceeUITests.swift */ = {isa = PBXFileReference; lastKnownFileType = sourcecode.swift; path = ARDiceeUITests.swift; sourceTree = "<group>"; };
		779FF8482560C4AB007FF79C /* Info.plist */ = {isa = PBXFileReference; lastKnownFileType = text.plist.xml; path = Info.plist; sourceTree = "<group>"; };
/* End PBXFileReference section */

/* Begin PBXFrameworksBuildPhase section */
		779FF81E2560C4AA007FF79C /* Frameworks */ = {
			isa = PBXFrameworksBuildPhase;
			buildActionMask = 2147483647;
			files = (
			);
			runOnlyForDeploymentPostprocessing = 0;
		};
		779FF8342560C4AB007FF79C /* Frameworks */ = {
			isa = PBXFrameworksBuildPhase;
			buildActionMask = 2147483647;
			files = (
			);
			runOnlyForDeploymentPostprocessing = 0;
		};
		779FF83F2560C4AB007FF79C /* Frameworks */ = {
			isa = PBXFrameworksBuildPhase;
			buildActionMask = 2147483647;
			files = (
			);
			runOnlyForDeploymentPostprocessing = 0;
		};
/* End PBXFrameworksBuildPhase section */

/* Begin PBXGroup section */
		779FF8182560C4AA007FF79C = {
			isa = PBXGroup;
			children = (
				779FF8232560C4AB007FF79C /* ARDicee */,
				779FF83A2560C4AB007FF79C /* ARDiceeTests */,
				779FF8452560C4AB007FF79C /* ARDiceeUITests */,
				779FF8222560C4AB007FF79C /* Products */,
			);
			sourceTree = "<group>";
		};
		779FF8222560C4AB007FF79C /* Products */ = {
			isa = PBXGroup;
			children = (
				779FF8212560C4AB007FF79C /* ARDicee.app */,
				779FF8372560C4AB007FF79C /* ARDiceeTests.xctest */,
				779FF8422560C4AB007FF79C /* ARDiceeUITests.xctest */,
			);
			name = Products;
			sourceTree = "<group>";
		};
		779FF8232560C4AB007FF79C /* ARDicee */ = {
			isa = PBXGroup;
			children = (
				779FF8242560C4AB007FF79C /* AppDelegate.swift */,
				779FF8282560C4AB007FF79C /* ViewController.swift */,
				779FF82A2560C4AB007FF79C /* Main.storyboard */,
				779FF8262560C4AB007FF79C /* art.scnassets */,
				779FF82D2560C4AB007FF79C /* Assets.xcassets */,
				779FF82F2560C4AB007FF79C /* LaunchScreen.storyboard */,
				779FF8322560C4AB007FF79C /* Info.plist */,
			);
			path = ARDicee;
			sourceTree = "<group>";
		};
		779FF83A2560C4AB007FF79C /* ARDiceeTests */ = {
			isa = PBXGroup;
			children = (
				779FF83B2560C4AB007FF79C /* ARDiceeTests.swift */,
				779FF83D2560C4AB007FF79C /* Info.plist */,
			);
			path = ARDiceeTests;
			sourceTree = "<group>";
		};
		779FF8452560C4AB007FF79C /* ARDiceeUITests */ = {
			isa = PBXGroup;
			children = (
				779FF8462560C4AB007FF79C /* ARDiceeUITests.swift */,
				779FF8482560C4AB007FF79C /* Info.plist */,
			);
			path = ARDiceeUITests;
			sourceTree = "<group>";
		};
/* End PBXGroup section */

/* Begin PBXNativeTarget section */
		779FF8202560C4AA007FF79C /* ARDicee */ = {
			isa = PBXNativeTarget;
			buildConfigurationList = 779FF84B2560C4AB007FF79C /* Build configuration list for PBXNativeTarget "ARDicee" */;
			buildPhases = (
				779FF81D2560C4AA007FF79C /* Sources */,
				779FF81E2560C4AA007FF79C /* Frameworks */,
				779FF81F2560C4AA007FF79C /* Resources */,
			);
			buildRules = (
			);
			dependencies = (
			);
			name = ARDicee;
			productName = ARDicee;
			productReference = 779FF8212560C4AB007FF79C /* ARDicee.app */;
			productType = "com.apple.product-type.application";
		};
		779FF8362560C4AB007FF79C /* ARDiceeTests */ = {
			isa = PBXNativeTarget;
			buildConfigurationList = 779FF84E2560C4AB007FF79C /* Build configuration list for PBXNativeTarget "ARDiceeTests" */;
			buildPhases = (
				779FF8332560C4AB007FF79C /* Sources */,
				779FF8342560C4AB007FF79C /* Frameworks */,
				779FF8352560C4AB007FF79C /* Resources */,
			);
			buildRules = (
			);
			dependencies = (
				779FF8392560C4AB007FF79C /* PBXTargetDependency */,
			);
			name = ARDiceeTests;
			productName = ARDiceeTests;
			productReference = 779FF8372560C4AB007FF79C /* ARDiceeTests.xctest */;
			productType = "com.apple.product-type.bundle.unit-test";
		};
		779FF8412560C4AB007FF79C /* ARDiceeUITests */ = {
			isa = PBXNativeTarget;
			buildConfigurationList = 779FF8512560C4AB007FF79C /* Build configuration list for PBXNativeTarget "ARDiceeUITests" */;
			buildPhases = (
				779FF83E2560C4AB007FF79C /* Sources */,
				779FF83F2560C4AB007FF79C /* Frameworks */,
				779FF8402560C4AB007FF79C /* Resources */,
			);
			buildRules = (
			);
			dependencies = (
				779FF8442560C4AB007FF79C /* PBXTargetDependency */,
			);
			name = ARDiceeUITests;
			productName = ARDiceeUITests;
			productReference = 779FF8422560C4AB007FF79C /* ARDiceeUITests.xctest */;
			productType = "com.apple.product-type.bundle.ui-testing";
		};
/* End PBXNativeTarget section */

/* Begin PBXProject section */
		779FF8192560C4AA007FF79C /* Project object */ = {
			isa = PBXProject;
			attributes = {
				LastSwiftUpdateCheck = 1220;
				LastUpgradeCheck = 1220;
				TargetAttributes = {
					779FF8202560C4AA007FF79C = {
						CreatedOnToolsVersion = 12.2;
					};
					779FF8362560C4AB007FF79C = {
						CreatedOnToolsVersion = 12.2;
						TestTargetID = 779FF8202560C4AA007FF79C;
					};
					779FF8412560C4AB007FF79C = {
						CreatedOnToolsVersion = 12.2;
						TestTargetID = 779FF8202560C4AA007FF79C;
					};
				};
			};
			buildConfigurationList = 779FF81C2560C4AA007FF79C /* Build configuration list for PBXProject "ARDicee" */;
			compatibilityVersion = "Xcode 9.3";
			developmentRegion = en;
			hasScannedForEncodings = 0;
			knownRegions = (
				en,
				Base,
			);
			mainGroup = 779FF8182560C4AA007FF79C;
			productRefGroup = 779FF8222560C4AB007FF79C /* Products */;
			projectDirPath = "";
			projectRoot = "";
			targets = (
				779FF8202560C4AA007FF79C /* ARDicee */,
				779FF8362560C4AB007FF79C /* ARDiceeTests */,
				779FF8412560C4AB007FF79C /* ARDiceeUITests */,
			);
		};
/* End PBXProject section */

/* Begin PBXResourcesBuildPhase section */
		779FF81F2560C4AA007FF79C /* Resources */ = {
			isa = PBXResourcesBuildPhase;
			buildActionMask = 2147483647;
			files = (
				779FF8272560C4AB007FF79C /* art.scnassets in Resources */,
				779FF8312560C4AB007FF79C /* LaunchScreen.storyboard in Resources */,
				779FF82E2560C4AB007FF79C /* Assets.xcassets in Resources */,
				779FF82C2560C4AB007FF79C /* Main.storyboard in Resources */,
			);
			runOnlyForDeploymentPostprocessing = 0;
		};
		779FF8352560C4AB007FF79C /* Resources */ = {
			isa = PBXResourcesBuildPhase;
			buildActionMask = 2147483647;
			files = (
			);
			runOnlyForDeploymentPostprocessing = 0;
		};
		779FF8402560C4AB007FF79C /* Resources */ = {
			isa = PBXResourcesBuildPhase;
			buildActionMask = 2147483647;
			files = (
			);
			runOnlyForDeploymentPostprocessing = 0;
		};
/* End PBXResourcesBuildPhase section */

/* Begin PBXSourcesBuildPhase section */
		779FF81D2560C4AA007FF79C /* Sources */ = {
			isa = PBXSourcesBuildPhase;
			buildActionMask = 2147483647;
			files = (
				779FF8292560C4AB007FF79C /* ViewController.swift in Sources */,
				779FF8252560C4AB007FF79C /* AppDelegate.swift in Sources */,
			);
			runOnlyForDeploymentPostprocessing = 0;
		};
		779FF8332560C4AB007FF79C /* Sources */ = {
			isa = PBXSourcesBuildPhase;
			buildActionMask = 2147483647;
			files = (
				779FF83C2560C4AB007FF79C /* ARDiceeTests.swift in Sources */,
			);
			runOnlyForDeploymentPostprocessing = 0;
		};
		779FF83E2560C4AB007FF79C /* Sources */ = {
			isa = PBXSourcesBuildPhase;
			buildActionMask = 2147483647;
			files = (
				779FF8472560C4AB007FF79C /* ARDiceeUITests.swift in Sources */,
			);
			runOnlyForDeploymentPostprocessing = 0;
		};
/* End PBXSourcesBuildPhase section */

/* Begin PBXTargetDependency section */
		779FF8392560C4AB007FF79C /* PBXTargetDependency */ = {
			isa = PBXTargetDependency;
			target = 779FF8202560C4AA007FF79C /* ARDicee */;
			targetProxy = 779FF8382560C4AB007FF79C /* PBXContainerItemProxy */;
		};
		779FF8442560C4AB007FF79C /* PBXTargetDependency */ = {
			isa = PBXTargetDependency;
			target = 779FF8202560C4AA007FF79C /* ARDicee */;
			targetProxy = 779FF8432560C4AB007FF79C /* PBXContainerItemProxy */;
		};
/* End PBXTargetDependency section */

/* Begin PBXVariantGroup section */
		779FF82A2560C4AB007FF79C /* Main.storyboard */ = {
			isa = PBXVariantGroup;
			children = (
				779FF82B2560C4AB007FF79C /* Base */,
			);
			name = Main.storyboard;
			sourceTree = "<group>";
		};
		779FF82F2560C4AB007FF79C /* LaunchScreen.storyboard */ = {
			isa = PBXVariantGroup;
			children = (
				779FF8302560C4AB007FF79C /* Base */,
			);
			name = LaunchScreen.storyboard;
			sourceTree = "<group>";
		};
/* End PBXVariantGroup section */

/* Begin XCBuildConfiguration section */
		779FF8492560C4AB007FF79C /* Debug */ = {
			isa = XCBuildConfiguration;
			buildSettings = {
				ALWAYS_SEARCH_USER_PATHS = NO;
				CLANG_ANALYZER_NONNULL = YES;
				CLANG_ANALYZER_NUMBER_OBJECT_CONVERSION = YES_AGGRESSIVE;
				CLANG_CXX_LANGUAGE_STANDARD = "gnu++14";
				CLANG_CXX_LIBRARY = "libc++";
				CLANG_ENABLE_MODULES = YES;
				CLANG_ENABLE_OBJC_ARC = YES;
				CLANG_ENABLE_OBJC_WEAK = YES;
				CLANG_WARN_BLOCK_CAPTURE_AUTORELEASING = YES;
				CLANG_WARN_BOOL_CONVERSION = YES;
				CLANG_WARN_COMMA = YES;
				CLANG_WARN_CONSTANT_CONVERSION = YES;
				CLANG_WARN_DEPRECATED_OBJC_IMPLEMENTATIONS = YES;
				CLANG_WARN_DIRECT_OBJC_ISA_USAGE = YES_ERROR;
				CLANG_WARN_DOCUMENTATION_COMMENTS = YES;
				CLANG_WARN_EMPTY_BODY = YES;
				CLANG_WARN_ENUM_CONVERSION = YES;
				CLANG_WARN_INFINITE_RECURSION = YES;
				CLANG_WARN_INT_CONVERSION = YES;
				CLANG_WARN_NON_LITERAL_NULL_CONVERSION = YES;
				CLANG_WARN_OBJC_IMPLICIT_RETAIN_SELF = YES;
				CLANG_WARN_OBJC_LITERAL_CONVERSION = YES;
				CLANG_WARN_OBJC_ROOT_CLASS = YES_ERROR;
				CLANG_WARN_QUOTED_INCLUDE_IN_FRAMEWORK_HEADER = YES;
				CLANG_WARN_RANGE_LOOP_ANALYSIS = YES;
				CLANG_WARN_STRICT_PROTOTYPES = YES;
				CLANG_WARN_SUSPICIOUS_MOVE = YES;
				CLANG_WARN_UNGUARDED_AVAILABILITY = YES_AGGRESSIVE;
				CLANG_WARN_UNREACHABLE_CODE = YES;
				CLANG_WARN__DUPLICATE_METHOD_MATCH = YES;
				COPY_PHASE_STRIP = NO;
				DEBUG_INFORMATION_FORMAT = dwarf;
				ENABLE_STRICT_OBJC_MSGSEND = YES;
				ENABLE_TESTABILITY = YES;
				GCC_C_LANGUAGE_STANDARD = gnu11;
				GCC_DYNAMIC_NO_PIC = NO;
				GCC_NO_COMMON_BLOCKS = YES;
				GCC_OPTIMIZATION_LEVEL = 0;
				GCC_PREPROCESSOR_DEFINITIONS = (
					"DEBUG=1",
					"$(inherited)",
				);
				GCC_WARN_64_TO_32_BIT_CONVERSION = YES;
				GCC_WARN_ABOUT_RETURN_TYPE = YES_ERROR;
				GCC_WARN_UNDECLARED_SELECTOR = YES;
				GCC_WARN_UNINITIALIZED_AUTOS = YES_AGGRESSIVE;
				GCC_WARN_UNUSED_FUNCTION = YES;
				GCC_WARN_UNUSED_VARIABLE = YES;
				IPHONEOS_DEPLOYMENT_TARGET = 14.2;
				MTL_ENABLE_DEBUG_INFO = INCLUDE_SOURCE;
				MTL_FAST_MATH = YES;
				ONLY_ACTIVE_ARCH = YES;
				SDKROOT = iphoneos;
				SWIFT_ACTIVE_COMPILATION_CONDITIONS = DEBUG;
				SWIFT_OPTIMIZATION_LEVEL = "-Onone";
			};
			name = Debug;
		};
		779FF84A2560C4AB007FF79C /* Release */ = {
			isa = XCBuildConfiguration;
			buildSettings = {
				ALWAYS_SEARCH_USER_PATHS = NO;
				CLANG_ANALYZER_NONNULL = YES;
				CLANG_ANALYZER_NUMBER_OBJECT_CONVERSION = YES_AGGRESSIVE;
				CLANG_CXX_LANGUAGE_STANDARD = "gnu++14";
				CLANG_CXX_LIBRARY = "libc++";
				CLANG_ENABLE_MODULES = YES;
				CLANG_ENABLE_OBJC_ARC = YES;
				CLANG_ENABLE_OBJC_WEAK = YES;
				CLANG_WARN_BLOCK_CAPTURE_AUTORELEASING = YES;
				CLANG_WARN_BOOL_CONVERSION = YES;
				CLANG_WARN_COMMA = YES;
				CLANG_WARN_CONSTANT_CONVERSION = YES;
				CLANG_WARN_DEPRECATED_OBJC_IMPLEMENTATIONS = YES;
				CLANG_WARN_DIRECT_OBJC_ISA_USAGE = YES_ERROR;
				CLANG_WARN_DOCUMENTATION_COMMENTS = YES;
				CLANG_WARN_EMPTY_BODY = YES;
				CLANG_WARN_ENUM_CONVERSION = YES;
				CLANG_WARN_INFINITE_RECURSION = YES;
				CLANG_WARN_INT_CONVERSION = YES;
				CLANG_WARN_NON_LITERAL_NULL_CONVERSION = YES;
				CLANG_WARN_OBJC_IMPLICIT_RETAIN_SELF = YES;
				CLANG_WARN_OBJC_LITERAL_CONVERSION = YES;
				CLANG_WARN_OBJC_ROOT_CLASS = YES_ERROR;
				CLANG_WARN_QUOTED_INCLUDE_IN_FRAMEWORK_HEADER = YES;
				CLANG_WARN_RANGE_LOOP_ANALYSIS = YES;
				CLANG_WARN_STRICT_PROTOTYPES = YES;
				CLANG_WARN_SUSPICIOUS_MOVE = YES;
				CLANG_WARN_UNGUARDED_AVAILABILITY = YES_AGGRESSIVE;
				CLANG_WARN_UNREACHABLE_CODE = YES;
				CLANG_WARN__DUPLICATE_METHOD_MATCH = YES;
				COPY_PHASE_STRIP = NO;
				DEBUG_INFORMATION_FORMAT = "dwarf-with-dsym";
				ENABLE_NS_ASSERTIONS = NO;
				ENABLE_STRICT_OBJC_MSGSEND = YES;
				GCC_C_LANGUAGE_STANDARD = gnu11;
				GCC_NO_COMMON_BLOCKS = YES;
				GCC_WARN_64_TO_32_BIT_CONVERSION = YES;
				GCC_WARN_ABOUT_RETURN_TYPE = YES_ERROR;
				GCC_WARN_UNDECLARED_SELECTOR = YES;
				GCC_WARN_UNINITIALIZED_AUTOS = YES_AGGRESSIVE;
				GCC_WARN_UNUSED_FUNCTION = YES;
				GCC_WARN_UNUSED_VARIABLE = YES;
				IPHONEOS_DEPLOYMENT_TARGET = 14.2;
				MTL_ENABLE_DEBUG_INFO = NO;
				MTL_FAST_MATH = YES;
				SDKROOT = iphoneos;
				SWIFT_COMPILATION_MODE = wholemodule;
				SWIFT_OPTIMIZATION_LEVEL = "-O";
				VALIDATE_PRODUCT = YES;
			};
			name = Release;
		};
		779FF84C2560C4AB007FF79C /* Debug */ = {
			isa = XCBuildConfiguration;
			buildSettings = {
				ASSETCATALOG_COMPILER_APPICON_NAME = AppIcon;
				ASSETCATALOG_COMPILER_GLOBAL_ACCENT_COLOR_NAME = AccentColor;
				CODE_SIGN_STYLE = Automatic;
				DEVELOPMENT_TEAM = 69Y77S7YQP;
				INFOPLIST_FILE = ARDicee/Info.plist;
				LD_RUNPATH_SEARCH_PATHS = (
					"$(inherited)",
					"@executable_path/Frameworks",
				);
				PRODUCT_BUNDLE_IDENTIFIER = com.ronaldoGomes.ARDicee;
				PRODUCT_NAME = "$(TARGET_NAME)";
				SWIFT_VERSION = 5.0;
				TARGETED_DEVICE_FAMILY = "1,2";
			};
			name = Debug;
		};
		779FF84D2560C4AB007FF79C /* Release */ = {
			isa = XCBuildConfiguration;
			buildSettings = {
				ASSETCATALOG_COMPILER_APPICON_NAME = AppIcon;
				ASSETCATALOG_COMPILER_GLOBAL_ACCENT_COLOR_NAME = AccentColor;
				CODE_SIGN_STYLE = Automatic;
				DEVELOPMENT_TEAM = 69Y77S7YQP;
				INFOPLIST_FILE = ARDicee/Info.plist;
				LD_RUNPATH_SEARCH_PATHS = (
					"$(inherited)",
					"@executable_path/Frameworks",
				);
				PRODUCT_BUNDLE_IDENTIFIER = com.ronaldoGomes.ARDicee;
				PRODUCT_NAME = "$(TARGET_NAME)";
				SWIFT_VERSION = 5.0;
				TARGETED_DEVICE_FAMILY = "1,2";
			};
			name = Release;
		};
		779FF84F2560C4AB007FF79C /* Debug */ = {
			isa = XCBuildConfiguration;
			buildSettings = {
				ALWAYS_EMBED_SWIFT_STANDARD_LIBRARIES = YES;
				BUNDLE_LOADER = "$(TEST_HOST)";
				CODE_SIGN_STYLE = Automatic;
				DEVELOPMENT_TEAM = 69Y77S7YQP;
				INFOPLIST_FILE = ARDiceeTests/Info.plist;
				IPHONEOS_DEPLOYMENT_TARGET = 14.2;
				LD_RUNPATH_SEARCH_PATHS = (
					"$(inherited)",
					"@executable_path/Frameworks",
					"@loader_path/Frameworks",
				);
				PRODUCT_BUNDLE_IDENTIFIER = com.ronaldoGomes.ARDiceeTests;
				PRODUCT_NAME = "$(TARGET_NAME)";
				SWIFT_VERSION = 5.0;
				TARGETED_DEVICE_FAMILY = "1,2";
				TEST_HOST = "$(BUILT_PRODUCTS_DIR)/ARDicee.app/ARDicee";
			};
			name = Debug;
		};
		779FF8502560C4AB007FF79C /* Release */ = {
			isa = XCBuildConfiguration;
			buildSettings = {
				ALWAYS_EMBED_SWIFT_STANDARD_LIBRARIES = YES;
				BUNDLE_LOADER = "$(TEST_HOST)";
				CODE_SIGN_STYLE = Automatic;
				DEVELOPMENT_TEAM = 69Y77S7YQP;
				INFOPLIST_FILE = ARDiceeTests/Info.plist;
				IPHONEOS_DEPLOYMENT_TARGET = 14.2;
				LD_RUNPATH_SEARCH_PATHS = (
					"$(inherited)",
					"@executable_path/Frameworks",
					"@loader_path/Frameworks",
				);
				PRODUCT_BUNDLE_IDENTIFIER = com.ronaldoGomes.ARDiceeTests;
				PRODUCT_NAME = "$(TARGET_NAME)";
				SWIFT_VERSION = 5.0;
				TARGETED_DEVICE_FAMILY = "1,2";
				TEST_HOST = "$(BUILT_PRODUCTS_DIR)/ARDicee.app/ARDicee";
			};
			name = Release;
		};
		779FF8522560C4AB007FF79C /* Debug */ = {
			isa = XCBuildConfiguration;
			buildSettings = {
				ALWAYS_EMBED_SWIFT_STANDARD_LIBRARIES = YES;
				CODE_SIGN_STYLE = Automatic;
				DEVELOPMENT_TEAM = 69Y77S7YQP;
				INFOPLIST_FILE = ARDiceeUITests/Info.plist;
				LD_RUNPATH_SEARCH_PATHS = (
					"$(inherited)",
					"@executable_path/Frameworks",
					"@loader_path/Frameworks",
				);
				PRODUCT_BUNDLE_IDENTIFIER = com.ronaldoGomes.ARDiceeUITests;
				PRODUCT_NAME = "$(TARGET_NAME)";
				SWIFT_VERSION = 5.0;
				TARGETED_DEVICE_FAMILY = "1,2";
				TEST_TARGET_NAME = ARDicee;
			};
			name = Debug;
		};
		779FF8532560C4AB007FF79C /* Release */ = {
			isa = XCBuildConfiguration;
			buildSettings = {
				ALWAYS_EMBED_SWIFT_STANDARD_LIBRARIES = YES;
				CODE_SIGN_STYLE = Automatic;
				DEVELOPMENT_TEAM = 69Y77S7YQP;
				INFOPLIST_FILE = ARDiceeUITests/Info.plist;
				LD_RUNPATH_SEARCH_PATHS = (
					"$(inherited)",
					"@executable_path/Frameworks",
					"@loader_path/Frameworks",
				);
				PRODUCT_BUNDLE_IDENTIFIER = com.ronaldoGomes.ARDiceeUITests;
				PRODUCT_NAME = "$(TARGET_NAME)";
				SWIFT_VERSION = 5.0;
				TARGETED_DEVICE_FAMILY = "1,2";
				TEST_TARGET_NAME = ARDicee;
			};
			name = Release;
		};
/* End XCBuildConfiguration section */

/* Begin XCConfigurationList section */
		779FF81C2560C4AA007FF79C /* Build configuration list for PBXProject "ARDicee" */ = {
			isa = XCConfigurationList;
			buildConfigurations = (
				779FF8492560C4AB007FF79C /* Debug */,
				779FF84A2560C4AB007FF79C /* Release */,
			);
			defaultConfigurationIsVisible = 0;
			defaultConfigurationName = Release;
		};
		779FF84B2560C4AB007FF79C /* Build configuration list for PBXNativeTarget "ARDicee" */ = {
			isa = XCConfigurationList;
			buildConfigurations = (
				779FF84C2560C4AB007FF79C /* Debug */,
				779FF84D2560C4AB007FF79C /* Release */,
			);
			defaultConfigurationIsVisible = 0;
			defaultConfigurationName = Release;
		};
		779FF84E2560C4AB007FF79C /* Build configuration list for PBXNativeTarget "ARDiceeTests" */ = {
			isa = XCConfigurationList;
			buildConfigurations = (
				779FF84F2560C4AB007FF79C /* Debug */,
				779FF8502560C4AB007FF79C /* Release */,
			);
			defaultConfigurationIsVisible = 0;
			defaultConfigurationName = Release;
		};
		779FF8512560C4AB007FF79C /* Build configuration list for PBXNativeTarget "ARDiceeUITests" */ = {
			isa = XCConfigurationList;
			buildConfigurations = (
				779FF8522560C4AB007FF79C /* Debug */,
				779FF8532560C4AB007FF79C /* Release */,
			);
			defaultConfigurationIsVisible = 0;
			defaultConfigurationName = Release;
		};
/* End XCConfigurationList section */
	};
	rootObject = 779FF8192560C4AA007FF79C /* Project object */;
}
